
Microsoft Visual Studio Solution File, Format Version 12.00
# Visual Studio Version 17
VisualStudioVersion = 17.0.31912.275
MinimumVisualStudioVersion = 10.0.40219.1
Project("{FAE04EC0-301F-11D3-BF4B-00C04F79EFBC}") = "Bug", "Bug\Bug.csproj", "{8EF10018-9FE7-4741-ADCF-A23DC7BF87C2}"
EndProject
Global
	GlobalSection(SolutionConfigurationPlatforms) = preSolution
		Debug|Any CPU = Debug|Any CPU
		Release|Any CPU = Release|Any CPU
	EndGlobalSection
	GlobalSection(ProjectConfigurationPlatforms) = postSolution
		{8EF10018-9FE7-4741-ADCF-A23DC7BF87C2}.Debug|Any CPU.ActiveCfg = Debug|Any CPU
		{8EF10018-9FE7-4741-ADCF-A23DC7BF87C2}.Debug|Any CPU.Build.0 = Debug|Any CPU
		{8EF10018-9FE7-4741-ADCF-A23DC7BF87C2}.Release|Any CPU.ActiveCfg = Release|Any CPU
		{8EF10018-9FE7-4741-ADCF-A23DC7BF87C2}.Release|Any CPU.Build.0 = Release|Any CPU
	EndGlobalSection
	GlobalSection(SolutionProperties) = preSolution
		HideSolutionNode = FALSE
	EndGlobalSection
	GlobalSection(ExtensibilityGlobals) = postSolution
		SolutionGuid = {275EE28C-757A-40B1-BEB4-242326A63285}
	EndGlobalSection
EndGlobal
